
Microsoft Visual Studio Solution File, Format Version 12.00
# Visual Studio Version 16
VisualStudioVersion = 16.0.30204.135
MinimumVisualStudioVersion = 10.0.40219.1
Project("{9A19103F-16F7-4668-BE54-9A1E7A4F7556}") = "Neo4j.Driver", "Neo4j.Driver\Neo4j.Driver.csproj", "{F5E54582-C024-4B99-AFEB-CA9638617BA0}"
EndProject
Project("{9A19103F-16F7-4668-BE54-9A1E7A4F7556}") = "Neo4j.Driver.Tests", "Neo4j.Driver.Tests\Neo4j.Driver.Tests.csproj", "{5642BD95-BF3C-4DFE-B5E5-1456EC9119BB}"
EndProject
Project("{9A19103F-16F7-4668-BE54-9A1E7A4F7556}") = "Neo4j.Driver.Tests.Integration", "Neo4j.Driver.Tests.Integration\Neo4j.Driver.Tests.Integration.csproj", "{02F68DF2-0047-4B04-93B6-521BD12B5D45}"
EndProject
Project("{2150E333-8FDC-42A3-9474-1A3956D46DE8}") = "Solution Items", "Solution Items", "{622A94AD-BC4D-4162-AE43-A5CA055F24FC}"
	ProjectSection(SolutionItems) = preProject
		common.props = common.props
		..\LICENSE = ..\LICENSE
		..\Neo4j.Driver.Docs.shfbproj = ..\Neo4j.Driver.Docs.shfbproj
		..\NOTICE = ..\NOTICE
		..\README.md = ..\README.md
	EndProjectSection
EndProject
Project("{9A19103F-16F7-4668-BE54-9A1E7A4F7556}") = "Neo4j.Driver.Reactive", "Neo4j.Driver.Reactive\Neo4j.Driver.Reactive.csproj", "{FC537A38-3DD9-4C6D-8127-003F59E405AC}"
EndProject
Project("{9A19103F-16F7-4668-BE54-9A1E7A4F7556}") = "Neo4j.Driver.Simple", "Neo4j.Driver.Simple\Neo4j.Driver.Simple.csproj", "{E8F84B5A-79EE-4B9F-B423-BF363F6CB923}"
EndProject
Project("{9A19103F-16F7-4668-BE54-9A1E7A4F7556}") = "Neo4j.Driver.Tests.TestBackend", "Neo4j.Driver.Tests.TestBackend\Neo4j.Driver.Tests.TestBackend.csproj", "{D68071A7-6012-43BD-9C65-146D1D22B931}"
EndProject
Project("{9A19103F-16F7-4668-BE54-9A1E7A4F7556}") = "Neo4j.Driver.Tests.TestBackendDotNetInterface", "Neo4j.Driver.Tests.TestBackendCSharpInterface\Neo4j.Driver.Tests.TestBackendDotNetInterface.csproj", "{23BF1C58-6375-4B8F-89BB-6E0DEE4E04D6}"
EndProject
Project("{8BC9CEB8-8B4A-11D0-8D11-00A0C91BC942}") = "Neo4j.Driver.Tests.TestBackendCBindInterface", "Neo4j.Driver.Tests.TestBackendCBindInterface\Neo4j.Driver.Tests.TestBackendCBindInterface.vcxproj", "{D019DFA3-497B-4BD3-994E-9C54F0F35E9C}"
EndProject
Global
	GlobalSection(SolutionConfigurationPlatforms) = preSolution
		Debug|Any CPU = Debug|Any CPU
		Debug|x64 = Debug|x64
		Debug|x86 = Debug|x86
		DebugDelaySigned|Any CPU = DebugDelaySigned|Any CPU
		DebugDelaySigned|x64 = DebugDelaySigned|x64
		DebugDelaySigned|x86 = DebugDelaySigned|x86
		Release|Any CPU = Release|Any CPU
		Release|x64 = Release|x64
		Release|x86 = Release|x86
		ReleaseSigned|Any CPU = ReleaseSigned|Any CPU
		ReleaseSigned|x64 = ReleaseSigned|x64
		ReleaseSigned|x86 = ReleaseSigned|x86
	EndGlobalSection
	GlobalSection(ProjectConfigurationPlatforms) = postSolution
		{F5E54582-C024-4B99-AFEB-CA9638617BA0}.Debug|Any CPU.ActiveCfg = Debug|Any CPU
		{F5E54582-C024-4B99-AFEB-CA9638617BA0}.Debug|Any CPU.Build.0 = Debug|Any CPU
		{F5E54582-C024-4B99-AFEB-CA9638617BA0}.Debug|x64.ActiveCfg = Debug|Any CPU
		{F5E54582-C024-4B99-AFEB-CA9638617BA0}.Debug|x64.Build.0 = Debug|Any CPU
		{F5E54582-C024-4B99-AFEB-CA9638617BA0}.Debug|x86.ActiveCfg = Debug|Any CPU
		{F5E54582-C024-4B99-AFEB-CA9638617BA0}.Debug|x86.Build.0 = Debug|Any CPU
		{F5E54582-C024-4B99-AFEB-CA9638617BA0}.DebugDelaySigned|Any CPU.ActiveCfg = DebugDelaySigned|Any CPU
		{F5E54582-C024-4B99-AFEB-CA9638617BA0}.DebugDelaySigned|Any CPU.Build.0 = DebugDelaySigned|Any CPU
		{F5E54582-C024-4B99-AFEB-CA9638617BA0}.DebugDelaySigned|x64.ActiveCfg = DebugDelaySigned|Any CPU
		{F5E54582-C024-4B99-AFEB-CA9638617BA0}.DebugDelaySigned|x64.Build.0 = DebugDelaySigned|Any CPU
		{F5E54582-C024-4B99-AFEB-CA9638617BA0}.DebugDelaySigned|x86.ActiveCfg = DebugDelaySigned|Any CPU
		{F5E54582-C024-4B99-AFEB-CA9638617BA0}.DebugDelaySigned|x86.Build.0 = DebugDelaySigned|Any CPU
		{F5E54582-C024-4B99-AFEB-CA9638617BA0}.Release|Any CPU.ActiveCfg = Release|Any CPU
		{F5E54582-C024-4B99-AFEB-CA9638617BA0}.Release|Any CPU.Build.0 = Release|Any CPU
		{F5E54582-C024-4B99-AFEB-CA9638617BA0}.Release|x64.ActiveCfg = Release|Any CPU
		{F5E54582-C024-4B99-AFEB-CA9638617BA0}.Release|x64.Build.0 = Release|Any CPU
		{F5E54582-C024-4B99-AFEB-CA9638617BA0}.Release|x86.ActiveCfg = Release|Any CPU
		{F5E54582-C024-4B99-AFEB-CA9638617BA0}.Release|x86.Build.0 = Release|Any CPU
		{F5E54582-C024-4B99-AFEB-CA9638617BA0}.ReleaseSigned|Any CPU.ActiveCfg = ReleaseSigned|Any CPU
		{F5E54582-C024-4B99-AFEB-CA9638617BA0}.ReleaseSigned|Any CPU.Build.0 = ReleaseSigned|Any CPU
		{F5E54582-C024-4B99-AFEB-CA9638617BA0}.ReleaseSigned|x64.ActiveCfg = ReleaseSigned|Any CPU
		{F5E54582-C024-4B99-AFEB-CA9638617BA0}.ReleaseSigned|x64.Build.0 = ReleaseSigned|Any CPU
		{F5E54582-C024-4B99-AFEB-CA9638617BA0}.ReleaseSigned|x86.ActiveCfg = ReleaseSigned|Any CPU
		{F5E54582-C024-4B99-AFEB-CA9638617BA0}.ReleaseSigned|x86.Build.0 = ReleaseSigned|Any CPU
		{5642BD95-BF3C-4DFE-B5E5-1456EC9119BB}.Debug|Any CPU.ActiveCfg = Debug|Any CPU
		{5642BD95-BF3C-4DFE-B5E5-1456EC9119BB}.Debug|Any CPU.Build.0 = Debug|Any CPU
		{5642BD95-BF3C-4DFE-B5E5-1456EC9119BB}.Debug|x64.ActiveCfg = Debug|Any CPU
		{5642BD95-BF3C-4DFE-B5E5-1456EC9119BB}.Debug|x64.Build.0 = Debug|Any CPU
		{5642BD95-BF3C-4DFE-B5E5-1456EC9119BB}.Debug|x86.ActiveCfg = Debug|Any CPU
		{5642BD95-BF3C-4DFE-B5E5-1456EC9119BB}.Debug|x86.Build.0 = Debug|Any CPU
		{5642BD95-BF3C-4DFE-B5E5-1456EC9119BB}.DebugDelaySigned|Any CPU.ActiveCfg = DebugDelaySigned|Any CPU
		{5642BD95-BF3C-4DFE-B5E5-1456EC9119BB}.DebugDelaySigned|Any CPU.Build.0 = DebugDelaySigned|Any CPU
		{5642BD95-BF3C-4DFE-B5E5-1456EC9119BB}.DebugDelaySigned|x64.ActiveCfg = DebugDelaySigned|Any CPU
		{5642BD95-BF3C-4DFE-B5E5-1456EC9119BB}.DebugDelaySigned|x64.Build.0 = DebugDelaySigned|Any CPU
		{5642BD95-BF3C-4DFE-B5E5-1456EC9119BB}.DebugDelaySigned|x86.ActiveCfg = DebugDelaySigned|Any CPU
		{5642BD95-BF3C-4DFE-B5E5-1456EC9119BB}.DebugDelaySigned|x86.Build.0 = DebugDelaySigned|Any CPU
		{5642BD95-BF3C-4DFE-B5E5-1456EC9119BB}.Release|Any CPU.ActiveCfg = Release|Any CPU
		{5642BD95-BF3C-4DFE-B5E5-1456EC9119BB}.Release|Any CPU.Build.0 = Release|Any CPU
		{5642BD95-BF3C-4DFE-B5E5-1456EC9119BB}.Release|x64.ActiveCfg = Release|Any CPU
		{5642BD95-BF3C-4DFE-B5E5-1456EC9119BB}.Release|x64.Build.0 = Release|Any CPU
		{5642BD95-BF3C-4DFE-B5E5-1456EC9119BB}.Release|x86.ActiveCfg = Release|Any CPU
		{5642BD95-BF3C-4DFE-B5E5-1456EC9119BB}.Release|x86.Build.0 = Release|Any CPU
		{5642BD95-BF3C-4DFE-B5E5-1456EC9119BB}.ReleaseSigned|Any CPU.ActiveCfg = ReleaseSigned|Any CPU
		{5642BD95-BF3C-4DFE-B5E5-1456EC9119BB}.ReleaseSigned|Any CPU.Build.0 = ReleaseSigned|Any CPU
		{5642BD95-BF3C-4DFE-B5E5-1456EC9119BB}.ReleaseSigned|x64.ActiveCfg = ReleaseSigned|Any CPU
		{5642BD95-BF3C-4DFE-B5E5-1456EC9119BB}.ReleaseSigned|x64.Build.0 = ReleaseSigned|Any CPU
		{5642BD95-BF3C-4DFE-B5E5-1456EC9119BB}.ReleaseSigned|x86.ActiveCfg = ReleaseSigned|Any CPU
		{5642BD95-BF3C-4DFE-B5E5-1456EC9119BB}.ReleaseSigned|x86.Build.0 = ReleaseSigned|Any CPU
		{02F68DF2-0047-4B04-93B6-521BD12B5D45}.Debug|Any CPU.ActiveCfg = Debug|Any CPU
		{02F68DF2-0047-4B04-93B6-521BD12B5D45}.Debug|Any CPU.Build.0 = Debug|Any CPU
		{02F68DF2-0047-4B04-93B6-521BD12B5D45}.Debug|x64.ActiveCfg = Debug|Any CPU
		{02F68DF2-0047-4B04-93B6-521BD12B5D45}.Debug|x64.Build.0 = Debug|Any CPU
		{02F68DF2-0047-4B04-93B6-521BD12B5D45}.Debug|x86.ActiveCfg = Debug|Any CPU
		{02F68DF2-0047-4B04-93B6-521BD12B5D45}.Debug|x86.Build.0 = Debug|Any CPU
		{02F68DF2-0047-4B04-93B6-521BD12B5D45}.DebugDelaySigned|Any CPU.ActiveCfg = DebugDelaySigned|Any CPU
		{02F68DF2-0047-4B04-93B6-521BD12B5D45}.DebugDelaySigned|Any CPU.Build.0 = DebugDelaySigned|Any CPU
		{02F68DF2-0047-4B04-93B6-521BD12B5D45}.DebugDelaySigned|x64.ActiveCfg = DebugDelaySigned|Any CPU
		{02F68DF2-0047-4B04-93B6-521BD12B5D45}.DebugDelaySigned|x64.Build.0 = DebugDelaySigned|Any CPU
		{02F68DF2-0047-4B04-93B6-521BD12B5D45}.DebugDelaySigned|x86.ActiveCfg = DebugDelaySigned|Any CPU
		{02F68DF2-0047-4B04-93B6-521BD12B5D45}.DebugDelaySigned|x86.Build.0 = DebugDelaySigned|Any CPU
		{02F68DF2-0047-4B04-93B6-521BD12B5D45}.Release|Any CPU.ActiveCfg = Release|Any CPU
		{02F68DF2-0047-4B04-93B6-521BD12B5D45}.Release|Any CPU.Build.0 = Release|Any CPU
		{02F68DF2-0047-4B04-93B6-521BD12B5D45}.Release|x64.ActiveCfg = Release|Any CPU
		{02F68DF2-0047-4B04-93B6-521BD12B5D45}.Release|x64.Build.0 = Release|Any CPU
		{02F68DF2-0047-4B04-93B6-521BD12B5D45}.Release|x86.ActiveCfg = Release|Any CPU
		{02F68DF2-0047-4B04-93B6-521BD12B5D45}.Release|x86.Build.0 = Release|Any CPU
		{02F68DF2-0047-4B04-93B6-521BD12B5D45}.ReleaseSigned|Any CPU.ActiveCfg = ReleaseSigned|Any CPU
		{02F68DF2-0047-4B04-93B6-521BD12B5D45}.ReleaseSigned|Any CPU.Build.0 = ReleaseSigned|Any CPU
		{02F68DF2-0047-4B04-93B6-521BD12B5D45}.ReleaseSigned|x64.ActiveCfg = ReleaseSigned|Any CPU
		{02F68DF2-0047-4B04-93B6-521BD12B5D45}.ReleaseSigned|x64.Build.0 = ReleaseSigned|Any CPU
		{02F68DF2-0047-4B04-93B6-521BD12B5D45}.ReleaseSigned|x86.ActiveCfg = ReleaseSigned|Any CPU
		{02F68DF2-0047-4B04-93B6-521BD12B5D45}.ReleaseSigned|x86.Build.0 = ReleaseSigned|Any CPU
		{FC537A38-3DD9-4C6D-8127-003F59E405AC}.Debug|Any CPU.ActiveCfg = Debug|Any CPU
		{FC537A38-3DD9-4C6D-8127-003F59E405AC}.Debug|Any CPU.Build.0 = Debug|Any CPU
		{FC537A38-3DD9-4C6D-8127-003F59E405AC}.Debug|x64.ActiveCfg = Debug|Any CPU
		{FC537A38-3DD9-4C6D-8127-003F59E405AC}.Debug|x64.Build.0 = Debug|Any CPU
		{FC537A38-3DD9-4C6D-8127-003F59E405AC}.Debug|x86.ActiveCfg = Debug|Any CPU
		{FC537A38-3DD9-4C6D-8127-003F59E405AC}.Debug|x86.Build.0 = Debug|Any CPU
		{FC537A38-3DD9-4C6D-8127-003F59E405AC}.DebugDelaySigned|Any CPU.ActiveCfg = DebugDelaySigned|Any CPU
		{FC537A38-3DD9-4C6D-8127-003F59E405AC}.DebugDelaySigned|Any CPU.Build.0 = DebugDelaySigned|Any CPU
		{FC537A38-3DD9-4C6D-8127-003F59E405AC}.DebugDelaySigned|x64.ActiveCfg = DebugDelaySigned|Any CPU
		{FC537A38-3DD9-4C6D-8127-003F59E405AC}.DebugDelaySigned|x64.Build.0 = DebugDelaySigned|Any CPU
		{FC537A38-3DD9-4C6D-8127-003F59E405AC}.DebugDelaySigned|x86.ActiveCfg = DebugDelaySigned|Any CPU
		{FC537A38-3DD9-4C6D-8127-003F59E405AC}.DebugDelaySigned|x86.Build.0 = DebugDelaySigned|Any CPU
		{FC537A38-3DD9-4C6D-8127-003F59E405AC}.Release|Any CPU.ActiveCfg = Release|Any CPU
		{FC537A38-3DD9-4C6D-8127-003F59E405AC}.Release|Any CPU.Build.0 = Release|Any CPU
		{FC537A38-3DD9-4C6D-8127-003F59E405AC}.Release|x64.ActiveCfg = Release|Any CPU
		{FC537A38-3DD9-4C6D-8127-003F59E405AC}.Release|x64.Build.0 = Release|Any CPU
		{FC537A38-3DD9-4C6D-8127-003F59E405AC}.Release|x86.ActiveCfg = Release|Any CPU
		{FC537A38-3DD9-4C6D-8127-003F59E405AC}.Release|x86.Build.0 = Release|Any CPU
		{FC537A38-3DD9-4C6D-8127-003F59E405AC}.ReleaseSigned|Any CPU.ActiveCfg = ReleaseSigned|Any CPU
		{FC537A38-3DD9-4C6D-8127-003F59E405AC}.ReleaseSigned|Any CPU.Build.0 = ReleaseSigned|Any CPU
		{FC537A38-3DD9-4C6D-8127-003F59E405AC}.ReleaseSigned|x64.ActiveCfg = ReleaseSigned|Any CPU
		{FC537A38-3DD9-4C6D-8127-003F59E405AC}.ReleaseSigned|x64.Build.0 = ReleaseSigned|Any CPU
		{FC537A38-3DD9-4C6D-8127-003F59E405AC}.ReleaseSigned|x86.ActiveCfg = ReleaseSigned|Any CPU
		{FC537A38-3DD9-4C6D-8127-003F59E405AC}.ReleaseSigned|x86.Build.0 = ReleaseSigned|Any CPU
		{E8F84B5A-79EE-4B9F-B423-BF363F6CB923}.Debug|Any CPU.ActiveCfg = Debug|Any CPU
		{E8F84B5A-79EE-4B9F-B423-BF363F6CB923}.Debug|Any CPU.Build.0 = Debug|Any CPU
		{E8F84B5A-79EE-4B9F-B423-BF363F6CB923}.Debug|x64.ActiveCfg = Debug|Any CPU
		{E8F84B5A-79EE-4B9F-B423-BF363F6CB923}.Debug|x64.Build.0 = Debug|Any CPU
		{E8F84B5A-79EE-4B9F-B423-BF363F6CB923}.Debug|x86.ActiveCfg = Debug|Any CPU
		{E8F84B5A-79EE-4B9F-B423-BF363F6CB923}.Debug|x86.Build.0 = Debug|Any CPU
		{E8F84B5A-79EE-4B9F-B423-BF363F6CB923}.DebugDelaySigned|Any CPU.ActiveCfg = DebugDelaySigned|Any CPU
		{E8F84B5A-79EE-4B9F-B423-BF363F6CB923}.DebugDelaySigned|Any CPU.Build.0 = DebugDelaySigned|Any CPU
		{E8F84B5A-79EE-4B9F-B423-BF363F6CB923}.DebugDelaySigned|x64.ActiveCfg = DebugDelaySigned|Any CPU
		{E8F84B5A-79EE-4B9F-B423-BF363F6CB923}.DebugDelaySigned|x64.Build.0 = DebugDelaySigned|Any CPU
		{E8F84B5A-79EE-4B9F-B423-BF363F6CB923}.DebugDelaySigned|x86.ActiveCfg = DebugDelaySigned|Any CPU
		{E8F84B5A-79EE-4B9F-B423-BF363F6CB923}.DebugDelaySigned|x86.Build.0 = DebugDelaySigned|Any CPU
		{E8F84B5A-79EE-4B9F-B423-BF363F6CB923}.Release|Any CPU.ActiveCfg = Release|Any CPU
		{E8F84B5A-79EE-4B9F-B423-BF363F6CB923}.Release|Any CPU.Build.0 = Release|Any CPU
		{E8F84B5A-79EE-4B9F-B423-BF363F6CB923}.Release|x64.ActiveCfg = Release|Any CPU
		{E8F84B5A-79EE-4B9F-B423-BF363F6CB923}.Release|x64.Build.0 = Release|Any CPU
		{E8F84B5A-79EE-4B9F-B423-BF363F6CB923}.Release|x86.ActiveCfg = Release|Any CPU
		{E8F84B5A-79EE-4B9F-B423-BF363F6CB923}.Release|x86.Build.0 = Release|Any CPU
		{E8F84B5A-79EE-4B9F-B423-BF363F6CB923}.ReleaseSigned|Any CPU.ActiveCfg = ReleaseSigned|Any CPU
		{E8F84B5A-79EE-4B9F-B423-BF363F6CB923}.ReleaseSigned|Any CPU.Build.0 = ReleaseSigned|Any CPU
		{E8F84B5A-79EE-4B9F-B423-BF363F6CB923}.ReleaseSigned|x64.ActiveCfg = ReleaseSigned|Any CPU
		{E8F84B5A-79EE-4B9F-B423-BF363F6CB923}.ReleaseSigned|x64.Build.0 = ReleaseSigned|Any CPU
		{E8F84B5A-79EE-4B9F-B423-BF363F6CB923}.ReleaseSigned|x86.ActiveCfg = ReleaseSigned|Any CPU
		{E8F84B5A-79EE-4B9F-B423-BF363F6CB923}.ReleaseSigned|x86.Build.0 = ReleaseSigned|Any CPU
		{D68071A7-6012-43BD-9C65-146D1D22B931}.Debug|Any CPU.ActiveCfg = Debug|Any CPU
		{D68071A7-6012-43BD-9C65-146D1D22B931}.Debug|Any CPU.Build.0 = Debug|Any CPU
		{D68071A7-6012-43BD-9C65-146D1D22B931}.Debug|x64.ActiveCfg = Debug|Any CPU
		{D68071A7-6012-43BD-9C65-146D1D22B931}.Debug|x64.Build.0 = Debug|Any CPU
		{D68071A7-6012-43BD-9C65-146D1D22B931}.Debug|x86.ActiveCfg = Debug|Any CPU
		{D68071A7-6012-43BD-9C65-146D1D22B931}.Debug|x86.Build.0 = Debug|Any CPU
		{D68071A7-6012-43BD-9C65-146D1D22B931}.DebugDelaySigned|Any CPU.ActiveCfg = DebugDelaySigned|Any CPU
		{D68071A7-6012-43BD-9C65-146D1D22B931}.DebugDelaySigned|Any CPU.Build.0 = DebugDelaySigned|Any CPU
		{D68071A7-6012-43BD-9C65-146D1D22B931}.DebugDelaySigned|x64.ActiveCfg = DebugDelaySigned|Any CPU
		{D68071A7-6012-43BD-9C65-146D1D22B931}.DebugDelaySigned|x64.Build.0 = DebugDelaySigned|Any CPU
		{D68071A7-6012-43BD-9C65-146D1D22B931}.DebugDelaySigned|x86.ActiveCfg = DebugDelaySigned|Any CPU
		{D68071A7-6012-43BD-9C65-146D1D22B931}.DebugDelaySigned|x86.Build.0 = DebugDelaySigned|Any CPU
		{D68071A7-6012-43BD-9C65-146D1D22B931}.Release|Any CPU.ActiveCfg = Release|Any CPU
		{D68071A7-6012-43BD-9C65-146D1D22B931}.Release|Any CPU.Build.0 = Release|Any CPU
		{D68071A7-6012-43BD-9C65-146D1D22B931}.Release|x64.ActiveCfg = Release|Any CPU
		{D68071A7-6012-43BD-9C65-146D1D22B931}.Release|x64.Build.0 = Release|Any CPU
		{D68071A7-6012-43BD-9C65-146D1D22B931}.Release|x86.ActiveCfg = Release|Any CPU
		{D68071A7-6012-43BD-9C65-146D1D22B931}.Release|x86.Build.0 = Release|Any CPU
		{D68071A7-6012-43BD-9C65-146D1D22B931}.ReleaseSigned|Any CPU.ActiveCfg = ReleaseSigned|Any CPU
		{D68071A7-6012-43BD-9C65-146D1D22B931}.ReleaseSigned|Any CPU.Build.0 = ReleaseSigned|Any CPU
		{D68071A7-6012-43BD-9C65-146D1D22B931}.ReleaseSigned|x64.ActiveCfg = ReleaseSigned|Any CPU
		{D68071A7-6012-43BD-9C65-146D1D22B931}.ReleaseSigned|x64.Build.0 = ReleaseSigned|Any CPU
		{D68071A7-6012-43BD-9C65-146D1D22B931}.ReleaseSigned|x86.ActiveCfg = ReleaseSigned|Any CPU
		{D68071A7-6012-43BD-9C65-146D1D22B931}.ReleaseSigned|x86.Build.0 = ReleaseSigned|Any CPU
		{23BF1C58-6375-4B8F-89BB-6E0DEE4E04D6}.Debug|Any CPU.ActiveCfg = Debug|Any CPU
		{23BF1C58-6375-4B8F-89BB-6E0DEE4E04D6}.Debug|Any CPU.Build.0 = Debug|Any CPU
		{23BF1C58-6375-4B8F-89BB-6E0DEE4E04D6}.Debug|x64.ActiveCfg = Debug|Any CPU
		{23BF1C58-6375-4B8F-89BB-6E0DEE4E04D6}.Debug|x64.Build.0 = Debug|Any CPU
		{23BF1C58-6375-4B8F-89BB-6E0DEE4E04D6}.Debug|x86.ActiveCfg = Debug|Any CPU
		{23BF1C58-6375-4B8F-89BB-6E0DEE4E04D6}.Debug|x86.Build.0 = Debug|Any CPU
		{23BF1C58-6375-4B8F-89BB-6E0DEE4E04D6}.DebugDelaySigned|Any CPU.ActiveCfg = Debug|Any CPU
		{23BF1C58-6375-4B8F-89BB-6E0DEE4E04D6}.DebugDelaySigned|Any CPU.Build.0 = Debug|Any CPU
		{23BF1C58-6375-4B8F-89BB-6E0DEE4E04D6}.DebugDelaySigned|x64.ActiveCfg = Debug|Any CPU
		{23BF1C58-6375-4B8F-89BB-6E0DEE4E04D6}.DebugDelaySigned|x64.Build.0 = Debug|Any CPU
		{23BF1C58-6375-4B8F-89BB-6E0DEE4E04D6}.DebugDelaySigned|x86.ActiveCfg = Debug|Any CPU
		{23BF1C58-6375-4B8F-89BB-6E0DEE4E04D6}.DebugDelaySigned|x86.Build.0 = Debug|Any CPU
		{23BF1C58-6375-4B8F-89BB-6E0DEE4E04D6}.Release|Any CPU.ActiveCfg = Release|Any CPU
		{23BF1C58-6375-4B8F-89BB-6E0DEE4E04D6}.Release|Any CPU.Build.0 = Release|Any CPU
		{23BF1C58-6375-4B8F-89BB-6E0DEE4E04D6}.Release|x64.ActiveCfg = Release|Any CPU
		{23BF1C58-6375-4B8F-89BB-6E0DEE4E04D6}.Release|x64.Build.0 = Release|Any CPU
		{23BF1C58-6375-4B8F-89BB-6E0DEE4E04D6}.Release|x86.ActiveCfg = Release|Any CPU
		{23BF1C58-6375-4B8F-89BB-6E0DEE4E04D6}.Release|x86.Build.0 = Release|Any CPU
		{23BF1C58-6375-4B8F-89BB-6E0DEE4E04D6}.ReleaseSigned|Any CPU.ActiveCfg = Release|Any CPU
		{23BF1C58-6375-4B8F-89BB-6E0DEE4E04D6}.ReleaseSigned|Any CPU.Build.0 = Release|Any CPU
		{23BF1C58-6375-4B8F-89BB-6E0DEE4E04D6}.ReleaseSigned|x64.ActiveCfg = Release|Any CPU
		{23BF1C58-6375-4B8F-89BB-6E0DEE4E04D6}.ReleaseSigned|x64.Build.0 = Release|Any CPU
		{23BF1C58-6375-4B8F-89BB-6E0DEE4E04D6}.ReleaseSigned|x86.ActiveCfg = Release|Any CPU
		{23BF1C58-6375-4B8F-89BB-6E0DEE4E04D6}.ReleaseSigned|x86.Build.0 = Release|Any CPU
		{D019DFA3-497B-4BD3-994E-9C54F0F35E9C}.Debug|Any CPU.ActiveCfg = Debug|x64
		{D019DFA3-497B-4BD3-994E-9C54F0F35E9C}.Debug|Any CPU.Build.0 = Debug|x64
		{D019DFA3-497B-4BD3-994E-9C54F0F35E9C}.Debug|x64.ActiveCfg = Debug|x64
		{D019DFA3-497B-4BD3-994E-9C54F0F35E9C}.Debug|x64.Build.0 = Debug|x64
		{D019DFA3-497B-4BD3-994E-9C54F0F35E9C}.Debug|x86.ActiveCfg = Debug|Win32
		{D019DFA3-497B-4BD3-994E-9C54F0F35E9C}.Debug|x86.Build.0 = Debug|Win32
		{D019DFA3-497B-4BD3-994E-9C54F0F35E9C}.DebugDelaySigned|Any CPU.ActiveCfg = Debug|Win32
		{D019DFA3-497B-4BD3-994E-9C54F0F35E9C}.DebugDelaySigned|Any CPU.Build.0 = Debug|Win32
		{D019DFA3-497B-4BD3-994E-9C54F0F35E9C}.DebugDelaySigned|x64.ActiveCfg = Debug|x64
		{D019DFA3-497B-4BD3-994E-9C54F0F35E9C}.DebugDelaySigned|x64.Build.0 = Debug|x64
		{D019DFA3-497B-4BD3-994E-9C54F0F35E9C}.DebugDelaySigned|x86.ActiveCfg = Debug|Win32
		{D019DFA3-497B-4BD3-994E-9C54F0F35E9C}.DebugDelaySigned|x86.Build.0 = Debug|Win32
		{D019DFA3-497B-4BD3-994E-9C54F0F35E9C}.Release|Any CPU.ActiveCfg = Release|Win32
		{D019DFA3-497B-4BD3-994E-9C54F0F35E9C}.Release|x64.ActiveCfg = Release|x64
		{D019DFA3-497B-4BD3-994E-9C54F0F35E9C}.Release|x64.Build.0 = Release|x64
		{D019DFA3-497B-4BD3-994E-9C54F0F35E9C}.Release|x86.ActiveCfg = Release|Win32
		{D019DFA3-497B-4BD3-994E-9C54F0F35E9C}.Release|x86.Build.0 = Release|Win32
		{D019DFA3-497B-4BD3-994E-9C54F0F35E9C}.ReleaseSigned|Any CPU.ActiveCfg = Debug|Win32
		{D019DFA3-497B-4BD3-994E-9C54F0F35E9C}.ReleaseSigned|Any CPU.Build.0 = Debug|Win32
		{D019DFA3-497B-4BD3-994E-9C54F0F35E9C}.ReleaseSigned|x64.ActiveCfg = Release|x64
		{D019DFA3-497B-4BD3-994E-9C54F0F35E9C}.ReleaseSigned|x64.Build.0 = Release|x64
		{D019DFA3-497B-4BD3-994E-9C54F0F35E9C}.ReleaseSigned|x86.ActiveCfg = Release|Win32
		{D019DFA3-497B-4BD3-994E-9C54F0F35E9C}.ReleaseSigned|x86.Build.0 = Release|Win32
	EndGlobalSection
	GlobalSection(SolutionProperties) = preSolution
		HideSolutionNode = FALSE
	EndGlobalSection
	GlobalSection(ExtensibilityGlobals) = postSolution
		SolutionGuid = {2854D289-1659-47A6-957A-85612A6A2F5D}
	EndGlobalSection
EndGlobal
